
Microsoft Visual Studio Solution File, Format Version 12.00
# Visual Studio 14
VisualStudioVersion = 14.0.24720.0
MinimumVisualStudioVersion = 10.0.40219.1
Project("{FAE04EC0-301F-11D3-BF4B-00C04F79EFBC}") = "Test", "Test\Test.csproj", "{5133C8AE-970B-43BD-B37F-A080851F3869}"
EndProject
Project("{FAE04EC0-301F-11D3-BF4B-00C04F79EFBC}") = "RoutereetView", "RoutereetView\RoutereetView.csproj", "{7B7999CF-CA31-45F7-9849-ED41AEA7A0F3}"
EndProject
Global
	GlobalSection(SolutionConfigurationPlatforms) = preSolution
		Debug|Any CPU = Debug|Any CPU
		Release|Any CPU = Release|Any CPU
	EndGlobalSection
	GlobalSection(ProjectConfigurationPlatforms) = postSolution
		{5133C8AE-970B-43BD-B37F-A080851F3869}.Debug|Any CPU.ActiveCfg = Debug|Any CPU
		{5133C8AE-970B-43BD-B37F-A080851F3869}.Debug|Any CPU.Build.0 = Debug|Any CPU
		{5133C8AE-970B-43BD-B37F-A080851F3869}.Release|Any CPU.ActiveCfg = Release|Any CPU
		{5133C8AE-970B-43BD-B37F-A080851F3869}.Release|Any CPU.Build.0 = Release|Any CPU
		{7B7999CF-CA31-45F7-9849-ED41AEA7A0F3}.Debug|Any CPU.ActiveCfg = Debug|Any CPU
		{7B7999CF-CA31-45F7-9849-ED41AEA7A0F3}.Debug|Any CPU.Build.0 = Debug|Any CPU
		{7B7999CF-CA31-45F7-9849-ED41AEA7A0F3}.Release|Any CPU.ActiveCfg = Release|Any CPU
		{7B7999CF-CA31-45F7-9849-ED41AEA7A0F3}.Release|Any CPU.Build.0 = Release|Any CPU
	EndGlobalSection
	GlobalSection(SolutionProperties) = preSolution
		HideSolutionNode = FALSE
	EndGlobalSection
EndGlobal
